// !$*UTF8*$!
{
	archiveVersion = 1;
	classes = {
	};
	objectVersion = 50;
	objects = {

/* Begin PBXBuildFile section */
		DDB881EE2487EF1C000985E0 /* unzip.c in Sources */ = {isa = PBXBuildFile; fileRef = DDB881EA2487EF1C000985E0 /* unzip.c */; };
		DDB881EF2487EF1C000985E0 /* ioapi.c in Sources */ = {isa = PBXBuildFile; fileRef = DDB881EB2487EF1C000985E0 /* ioapi.c */; };
		DDB881F02487EF1C000985E0 /* minizip.c in Sources */ = {isa = PBXBuildFile; fileRef = DDB881EC2487EF1C000985E0 /* minizip.c */; };
		DDB881F12487EF1C000985E0 /* mztools.c in Sources */ = {isa = PBXBuildFile; fileRef = DDB881ED2487EF1C000985E0 /* mztools.c */; };
		DDB881FD2487EFFC000985E0 /* inflate.c in Sources */ = {isa = PBXBuildFile; fileRef = DDB881F22487EFFC000985E0 /* inflate.c */; };
		DDB881FE2487EFFC000985E0 /* inftrees.c in Sources */ = {isa = PBXBuildFile; fileRef = DDB881F32487EFFC000985E0 /* inftrees.c */; };
		DDB881FF2487EFFC000985E0 /* crc32.c in Sources */ = {isa = PBXBuildFile; fileRef = DDB881F42487EFFC000985E0 /* crc32.c */; };
		DDB882002487EFFC000985E0 /* trees.c in Sources */ = {isa = PBXBuildFile; fileRef = DDB881F52487EFFC000985E0 /* trees.c */; };
		DDB882012487EFFC000985E0 /* zutil.c in Sources */ = {isa = PBXBuildFile; fileRef = DDB881F62487EFFC000985E0 /* zutil.c */; };
		DDB882022487EFFC000985E0 /* deflate.c in Sources */ = {isa = PBXBuildFile; fileRef = DDB881F72487EFFC000985E0 /* deflate.c */; };
		DDB882032487EFFC000985E0 /* uncompr.c in Sources */ = {isa = PBXBuildFile; fileRef = DDB881F82487EFFC000985E0 /* uncompr.c */; };
		DDB882042487EFFC000985E0 /* inffast.c in Sources */ = {isa = PBXBuildFile; fileRef = DDB881F92487EFFC000985E0 /* inffast.c */; };
		DDB882052487EFFC000985E0 /* adler32.c in Sources */ = {isa = PBXBuildFile; fileRef = DDB881FA2487EFFC000985E0 /* adler32.c */; };
		DDB882062487EFFC000985E0 /* compress.c in Sources */ = {isa = PBXBuildFile; fileRef = DDB881FB2487EFFC000985E0 /* compress.c */; };
		DDB882072487EFFC000985E0 /* infback.c in Sources */ = {isa = PBXBuildFile; fileRef = DDB881FC2487EFFC000985E0 /* infback.c */; };
		DDC36A802925F75000D76FA6 /* zip.c in Sources */ = {isa = PBXBuildFile; fileRef = DDC36A7F2925F75000D76FA6 /* zip.c */; };
/* End PBXBuildFile section */

/* Begin PBXCopyFilesBuildPhase section */
		DD73F04B2487ECEF00F6778B /* CopyFiles */ = {
			isa = PBXCopyFilesBuildPhase;
			buildActionMask = 2147483647;
			dstPath = "include/$(PRODUCT_NAME)";
			dstSubfolderSpec = 16;
			files = (
			);
			runOnlyForDeploymentPostprocessing = 0;
		};
/* End PBXCopyFilesBuildPhase section */

/* Begin PBXFileReference section */
		DD73F04D2487ECEF00F6778B /* libzlib.ios.a */ = {isa = PBXFileReference; explicitFileType = archive.ar; includeInIndex = 0; path = libzlib.ios.a; sourceTree = BUILT_PRODUCTS_DIR; };
		DDB881EA2487EF1C000985E0 /* unzip.c */ = {isa = PBXFileReference; fileEncoding = 4; lastKnownFileType = sourcecode.c.c; name = unzip.c; path = zlib/contrib/minizip/unzip.c; sourceTree = "<group>"; };
		DDB881EB2487EF1C000985E0 /* ioapi.c */ = {isa = PBXFileReference; fileEncoding = 4; lastKnownFileType = sourcecode.c.c; name = ioapi.c; path = zlib/contrib/minizip/ioapi.c; sourceTree = "<group>"; };
		DDB881EC2487EF1C000985E0 /* minizip.c */ = {isa = PBXFileReference; fileEncoding = 4; lastKnownFileType = sourcecode.c.c; name = minizip.c; path = zlib/contrib/minizip/minizip.c; sourceTree = "<group>"; };
		DDB881ED2487EF1C000985E0 /* mztools.c */ = {isa = PBXFileReference; fileEncoding = 4; lastKnownFileType = sourcecode.c.c; name = mztools.c; path = zlib/contrib/minizip/mztools.c; sourceTree = "<group>"; };
		DDB881F22487EFFC000985E0 /* inflate.c */ = {isa = PBXFileReference; fileEncoding = 4; lastKnownFileType = sourcecode.c.c; name = inflate.c; path = zlib/inflate.c; sourceTree = "<group>"; };
		DDB881F32487EFFC000985E0 /* inftrees.c */ = {isa = PBXFileReference; fileEncoding = 4; lastKnownFileType = sourcecode.c.c; name = inftrees.c; path = zlib/inftrees.c; sourceTree = "<group>"; };
		DDB881F42487EFFC000985E0 /* crc32.c */ = {isa = PBXFileReference; fileEncoding = 4; lastKnownFileType = sourcecode.c.c; name = crc32.c; path = zlib/crc32.c; sourceTree = "<group>"; };
		DDB881F52487EFFC000985E0 /* trees.c */ = {isa = PBXFileReference; fileEncoding = 4; lastKnownFileType = sourcecode.c.c; name = trees.c; path = zlib/trees.c; sourceTree = "<group>"; };
		DDB881F62487EFFC000985E0 /* zutil.c */ = {isa = PBXFileReference; fileEncoding = 4; lastKnownFileType = sourcecode.c.c; name = zutil.c; path = zlib/zutil.c; sourceTree = "<group>"; };
		DDB881F72487EFFC000985E0 /* deflate.c */ = {isa = PBXFileReference; fileEncoding = 4; lastKnownFileType = sourcecode.c.c; name = deflate.c; path = zlib/deflate.c; sourceTree = "<group>"; };
		DDB881F82487EFFC000985E0 /* uncompr.c */ = {isa = PBXFileReference; fileEncoding = 4; lastKnownFileType = sourcecode.c.c; name = uncompr.c; path = zlib/uncompr.c; sourceTree = "<group>"; };
		DDB881F92487EFFC000985E0 /* inffast.c */ = {isa = PBXFileReference; fileEncoding = 4; lastKnownFileType = sourcecode.c.c; name = inffast.c; path = zlib/inffast.c; sourceTree = "<group>"; };
		DDB881FA2487EFFC000985E0 /* adler32.c */ = {isa = PBXFileReference; fileEncoding = 4; lastKnownFileType = sourcecode.c.c; name = adler32.c; path = zlib/adler32.c; sourceTree = "<group>"; };
		DDB881FB2487EFFC000985E0 /* compress.c */ = {isa = PBXFileReference; fileEncoding = 4; lastKnownFileType = sourcecode.c.c; name = compress.c; path = zlib/compress.c; sourceTree = "<group>"; };
		DDB881FC2487EFFC000985E0 /* infback.c */ = {isa = PBXFileReference; fileEncoding = 4; lastKnownFileType = sourcecode.c.c; name = infback.c; path = zlib/infback.c; sourceTree = "<group>"; };
		DDC36A7F2925F75000D76FA6 /* zip.c */ = {isa = PBXFileReference; fileEncoding = 4; lastKnownFileType = sourcecode.c.c; name = zip.c; path = zlib/contrib/minizip/zip.c; sourceTree = "<group>"; };
/* End PBXFileReference section */

/* Begin PBXFrameworksBuildPhase section */
		DD73F04A2487ECEF00F6778B /* Frameworks */ = {
			isa = PBXFrameworksBuildPhase;
			buildActionMask = 2147483647;
			files = (
			);
			runOnlyForDeploymentPostprocessing = 0;
		};
/* End PBXFrameworksBuildPhase section */

/* Begin PBXGroup section */
		DD73F0442487ECEF00F6778B = {
			isa = PBXGroup;
			children = (
				DDB881DC2487EEBA000985E0 /* zlib */,
				DD73F04E2487ECEF00F6778B /* Products */,
			);
			sourceTree = "<group>";
		};
		DD73F04E2487ECEF00F6778B /* Products */ = {
			isa = PBXGroup;
			children = (
				DD73F04D2487ECEF00F6778B /* libzlib.ios.a */,
			);
			name = Products;
			sourceTree = "<group>";
		};
		DDB881DC2487EEBA000985E0 /* zlib */ = {
			isa = PBXGroup;
			children = (
				DDB881FA2487EFFC000985E0 /* adler32.c */,
				DDB881FB2487EFFC000985E0 /* compress.c */,
				DDB881F42487EFFC000985E0 /* crc32.c */,
				DDB881F72487EFFC000985E0 /* deflate.c */,
				DDB881FC2487EFFC000985E0 /* infback.c */,
				DDB881F92487EFFC000985E0 /* inffast.c */,
				DDB881F22487EFFC000985E0 /* inflate.c */,
				DDB881F32487EFFC000985E0 /* inftrees.c */,
				DDB881F52487EFFC000985E0 /* trees.c */,
				DDB881F82487EFFC000985E0 /* uncompr.c */,
				DDB881F62487EFFC000985E0 /* zutil.c */,
				DDB881E82487EED3000985E0 /* contrib */,
			);
			name = zlib;
			sourceTree = "<group>";
		};
		DDB881E82487EED3000985E0 /* contrib */ = {
			isa = PBXGroup;
			children = (
				DDB881E92487EEEF000985E0 /* minizip */,
			);
			name = contrib;
			sourceTree = "<group>";
		};
		DDB881E92487EEEF000985E0 /* minizip */ = {
			isa = PBXGroup;
			children = (
				DDB881EB2487EF1C000985E0 /* ioapi.c */,
				DDB881EC2487EF1C000985E0 /* minizip.c */,
				DDB881ED2487EF1C000985E0 /* mztools.c */,
				DDB881EA2487EF1C000985E0 /* unzip.c */,
				DDC36A7F2925F75000D76FA6 /* zip.c */,
			);
			name = minizip;
			sourceTree = "<group>";
		};
/* End PBXGroup section */

/* Begin PBXNativeTarget section */
		DD73F04C2487ECEF00F6778B /* zlib.ios */ = {
			isa = PBXNativeTarget;
			buildConfigurationList = DD73F0562487ECEF00F6778B /* Build configuration list for PBXNativeTarget "zlib.ios" */;
			buildPhases = (
				DD73F0492487ECEF00F6778B /* Sources */,
				DD73F04A2487ECEF00F6778B /* Frameworks */,
				DD73F04B2487ECEF00F6778B /* CopyFiles */,
			);
			buildRules = (
			);
			dependencies = (
			);
			name = zlib.ios;
			productName = zlib.ios;
			productReference = DD73F04D2487ECEF00F6778B /* libzlib.ios.a */;
			productType = "com.apple.product-type.library.static";
		};
/* End PBXNativeTarget section */

/* Begin PBXProject section */
		DD73F0452487ECEF00F6778B /* Project object */ = {
			isa = PBXProject;
			attributes = {
				LastUpgradeCheck = 1230;
				ORGANIZATIONNAME = "CODIANZ Inc.";
				TargetAttributes = {
					DD73F04C2487ECEF00F6778B = {
						CreatedOnToolsVersion = 11.4.1;
					};
				};
			};
			buildConfigurationList = DD73F0482487ECEF00F6778B /* Build configuration list for PBXProject "zlib.ios" */;
			compatibilityVersion = "Xcode 9.3";
			developmentRegion = en;
			hasScannedForEncodings = 0;
			knownRegions = (
				en,
				Base,
			);
			mainGroup = DD73F0442487ECEF00F6778B;
			productRefGroup = DD73F04E2487ECEF00F6778B /* Products */;
			projectDirPath = "";
			projectRoot = "";
			targets = (
				DD73F04C2487ECEF00F6778B /* zlib.ios */,
			);
		};
/* End PBXProject section */

/* Begin PBXSourcesBuildPhase section */
		DD73F0492487ECEF00F6778B /* Sources */ = {
			isa = PBXSourcesBuildPhase;
			buildActionMask = 2147483647;
			files = (
				DDB882012487EFFC000985E0 /* zutil.c in Sources */,
				DDB881EF2487EF1C000985E0 /* ioapi.c in Sources */,
				DDB881EE2487EF1C000985E0 /* unzip.c in Sources */,
				DDB881F12487EF1C000985E0 /* mztools.c in Sources */,
				DDB882052487EFFC000985E0 /* adler32.c in Sources */,
				DDB882032487EFFC000985E0 /* uncompr.c in Sources */,
				DDB882042487EFFC000985E0 /* inffast.c in Sources */,
				DDB882002487EFFC000985E0 /* trees.c in Sources */,
				DDB882072487EFFC000985E0 /* infback.c in Sources */,
				DDC36A802925F75000D76FA6 /* zip.c in Sources */,
				DDB882022487EFFC000985E0 /* deflate.c in Sources */,
				DDB881FE2487EFFC000985E0 /* inftrees.c in Sources */,
				DDB881F02487EF1C000985E0 /* minizip.c in Sources */,
				DDB881FF2487EFFC000985E0 /* crc32.c in Sources */,
				DDB881FD2487EFFC000985E0 /* inflate.c in Sources */,
				DDB882062487EFFC000985E0 /* compress.c in Sources */,
			);
			runOnlyForDeploymentPostprocessing = 0;
		};
/* End PBXSourcesBuildPhase section */

/* Begin XCBuildConfiguration section */
		DD73F0542487ECEF00F6778B /* Debug */ = {
			isa = XCBuildConfiguration;
			buildSettings = {
				ALWAYS_SEARCH_USER_PATHS = NO;
				CLANG_ANALYZER_NONNULL = YES;
				CLANG_ANALYZER_NUMBER_OBJECT_CONVERSION = YES_AGGRESSIVE;
				CLANG_CXX_LANGUAGE_STANDARD = "gnu++14";
				CLANG_CXX_LIBRARY = "libc++";
				CLANG_ENABLE_MODULES = YES;
				CLANG_ENABLE_OBJC_ARC = YES;
				CLANG_ENABLE_OBJC_WEAK = YES;
				CLANG_WARN_BLOCK_CAPTURE_AUTORELEASING = YES;
				CLANG_WARN_BOOL_CONVERSION = YES;
				CLANG_WARN_COMMA = YES;
				CLANG_WARN_CONSTANT_CONVERSION = YES;
				CLANG_WARN_DEPRECATED_OBJC_IMPLEMENTATIONS = YES;
				CLANG_WARN_DIRECT_OBJC_ISA_USAGE = YES_ERROR;
				CLANG_WARN_DOCUMENTATION_COMMENTS = YES;
				CLANG_WARN_EMPTY_BODY = YES;
				CLANG_WARN_ENUM_CONVERSION = YES;
				CLANG_WARN_INFINITE_RECURSION = YES;
				CLANG_WARN_INT_CONVERSION = YES;
				CLANG_WARN_NON_LITERAL_NULL_CONVERSION = YES;
				CLANG_WARN_OBJC_IMPLICIT_RETAIN_SELF = YES;
				CLANG_WARN_OBJC_LITERAL_CONVERSION = YES;
				CLANG_WARN_OBJC_ROOT_CLASS = YES_ERROR;
				CLANG_WARN_RANGE_LOOP_ANALYSIS = YES;
				CLANG_WARN_STRICT_PROTOTYPES = YES;
				CLANG_WARN_SUSPICIOUS_MOVE = YES;
				CLANG_WARN_UNGUARDED_AVAILABILITY = YES_AGGRESSIVE;
				CLANG_WARN_UNREACHABLE_CODE = YES;
				CLANG_WARN__DUPLICATE_METHOD_MATCH = YES;
				COPY_PHASE_STRIP = NO;
				DEBUG_INFORMATION_FORMAT = dwarf;
				ENABLE_STRICT_OBJC_MSGSEND = YES;
				ENABLE_TESTABILITY = YES;
				GCC_C_LANGUAGE_STANDARD = gnu11;
				GCC_DYNAMIC_NO_PIC = NO;
				GCC_NO_COMMON_BLOCKS = YES;
				GCC_OPTIMIZATION_LEVEL = 0;
				GCC_PREPROCESSOR_DEFINITIONS = (
					"DEBUG=1",
					"$(inherited)",
				);
				GCC_WARN_64_TO_32_BIT_CONVERSION = YES;
				GCC_WARN_ABOUT_RETURN_TYPE = YES_ERROR;
				GCC_WARN_UNDECLARED_SELECTOR = YES;
				GCC_WARN_UNINITIALIZED_AUTOS = YES_AGGRESSIVE;
				GCC_WARN_UNUSED_FUNCTION = YES;
				GCC_WARN_UNUSED_VARIABLE = YES;
				IPHONEOS_DEPLOYMENT_TARGET = 13.4;
				MTL_ENABLE_DEBUG_INFO = INCLUDE_SOURCE;
				MTL_FAST_MATH = YES;
				ONLY_ACTIVE_ARCH = YES;
				SDKROOT = iphoneos;
				SYMROOT = ./build;
			};
			name = Debug;
		};
		DD73F0552487ECEF00F6778B /* Release */ = {
			isa = XCBuildConfiguration;
			buildSettings = {
				ALWAYS_SEARCH_USER_PATHS = NO;
				CLANG_ANALYZER_NONNULL = YES;
				CLANG_ANALYZER_NUMBER_OBJECT_CONVERSION = YES_AGGRESSIVE;
				CLANG_CXX_LANGUAGE_STANDARD = "gnu++14";
				CLANG_CXX_LIBRARY = "libc++";
				CLANG_ENABLE_MODULES = YES;
				CLANG_ENABLE_OBJC_ARC = YES;
				CLANG_ENABLE_OBJC_WEAK = YES;
				CLANG_WARN_BLOCK_CAPTURE_AUTORELEASING = YES;
				CLANG_WARN_BOOL_CONVERSION = YES;
				CLANG_WARN_COMMA = YES;
				CLANG_WARN_CONSTANT_CONVERSION = YES;
				CLANG_WARN_DEPRECATED_OBJC_IMPLEMENTATIONS = YES;
				CLANG_WARN_DIRECT_OBJC_ISA_USAGE = YES_ERROR;
				CLANG_WARN_DOCUMENTATION_COMMENTS = YES;
				CLANG_WARN_EMPTY_BODY = YES;
				CLANG_WARN_ENUM_CONVERSION = YES;
				CLANG_WARN_INFINITE_RECURSION = YES;
				CLANG_WARN_INT_CONVERSION = YES;
				CLANG_WARN_NON_LITERAL_NULL_CONVERSION = YES;
				CLANG_WARN_OBJC_IMPLICIT_RETAIN_SELF = YES;
				CLANG_WARN_OBJC_LITERAL_CONVERSION = YES;
				CLANG_WARN_OBJC_ROOT_CLASS = YES_ERROR;
				CLANG_WARN_RANGE_LOOP_ANALYSIS = YES;
				CLANG_WARN_STRICT_PROTOTYPES = YES;
				CLANG_WARN_SUSPICIOUS_MOVE = YES;
				CLANG_WARN_UNGUARDED_AVAILABILITY = YES_AGGRESSIVE;
				CLANG_WARN_UNREACHABLE_CODE = YES;
				CLANG_WARN__DUPLICATE_METHOD_MATCH = YES;
				COPY_PHASE_STRIP = NO;
				DEBUG_INFORMATION_FORMAT = "dwarf-with-dsym";
				ENABLE_NS_ASSERTIONS = NO;
				ENABLE_STRICT_OBJC_MSGSEND = YES;
				GCC_C_LANGUAGE_STANDARD = gnu11;
				GCC_NO_COMMON_BLOCKS = YES;
				GCC_WARN_64_TO_32_BIT_CONVERSION = YES;
				GCC_WARN_ABOUT_RETURN_TYPE = YES_ERROR;
				GCC_WARN_UNDECLARED_SELECTOR = YES;
				GCC_WARN_UNINITIALIZED_AUTOS = YES_AGGRESSIVE;
				GCC_WARN_UNUSED_FUNCTION = YES;
				GCC_WARN_UNUSED_VARIABLE = YES;
				IPHONEOS_DEPLOYMENT_TARGET = 13.4;
				MTL_ENABLE_DEBUG_INFO = NO;
				MTL_FAST_MATH = YES;
				SDKROOT = iphoneos;
				SYMROOT = ./build;
				VALIDATE_PRODUCT = YES;
			};
			name = Release;
		};
		DD73F0572487ECEF00F6778B /* Debug */ = {
			isa = XCBuildConfiguration;
			buildSettings = {
				CODE_SIGN_STYLE = Automatic;
				DEVELOPMENT_TEAM = KS7AAJ9G56;
				GCC_WARN_INHIBIT_ALL_WARNINGS = YES;
				OTHER_LDFLAGS = "-ObjC";
				PRODUCT_NAME = "$(TARGET_NAME)";
				SKIP_INSTALL = YES;
				TARGETED_DEVICE_FAMILY = "1,2";
			};
			name = Debug;
		};
		DD73F0582487ECEF00F6778B /* Release */ = {
			isa = XCBuildConfiguration;
			buildSettings = {
				CODE_SIGN_STYLE = Automatic;
				DEVELOPMENT_TEAM = KS7AAJ9G56;
				GCC_WARN_INHIBIT_ALL_WARNINGS = YES;
				OTHER_LDFLAGS = "-ObjC";
				PRODUCT_NAME = "$(TARGET_NAME)";
				SKIP_INSTALL = YES;
				TARGETED_DEVICE_FAMILY = "1,2";
			};
			name = Release;
		};
/* End XCBuildConfiguration section */

/* Begin XCConfigurationList section */
		DD73F0482487ECEF00F6778B /* Build configuration list for PBXProject "zlib.ios" */ = {
			isa = XCConfigurationList;
			buildConfigurations = (
				DD73F0542487ECEF00F6778B /* Debug */,
				DD73F0552487ECEF00F6778B /* Release */,
			);
			defaultConfigurationIsVisible = 0;
			defaultConfigurationName = Release;
		};
		DD73F0562487ECEF00F6778B /* Build configuration list for PBXNativeTarget "zlib.ios" */ = {
			isa = XCConfigurationList;
			buildConfigurations = (
				DD73F0572487ECEF00F6778B /* Debug */,
				DD73F0582487ECEF00F6778B /* Release */,
			);
			defaultConfigurationIsVisible = 0;
			defaultConfigurationName = Release;
		};
/* End XCConfigurationList section */
	};
	rootObject = DD73F0452487ECEF00F6778B /* Project object */;
}
